{
  "version": 4,
  "terraform_version": "0.13.0",
  "serial": 3,
  "lineage": "06ff6b9e-7dd9-0871-60d7-d60cbc09830e",
  "outputs": {
    "ddagent_release": {
      "value": [
        {
          "app_version": "",
          "chart": "ddagent",
          "name": "ddagent",
          "namespace": "default",
          "revision": 1,
          "values": "{}",
          "version": "0.1.0"
        }
      ],
      "type": [
        "list",
        [
          "object",
          {
            "app_version": "string",
            "chart": "string",
            "name": "string",
            "namespace": "string",
            "revision": "number",
            "values": "string",
            "version": "string"
          }
        ]
      ]
    },
    "dotnetapp_release": {
      "value": [
        {
          "app_version": "1.16.0",
          "chart": "monidotnetwdd",
          "name": "dotnetapp",
          "namespace": "default",
          "revision": 1,
          "values": "{}",
          "version": "0.1.0"
        }
      ],
      "type": [
        "list",
        [
          "object",
          {
            "app_version": "string",
            "chart": "string",
            "name": "string",
            "namespace": "string",
            "revision": "number",
            "values": "string",
            "version": "string"
          }
        ]
      ]
    }
  },
  "resources": [
    {
      "mode": "managed",
      "type": "helm_release",
      "name": "ddagent",
      "provider": "provider[\"registry.terraform.io/hashicorp/helm\"]",
      "instances": [
        {
          "schema_version": 0,
          "attributes": {
            "atomic": false,
            "chart": "./charts/ddagent",
            "cleanup_on_fail": false,
            "create_namespace": false,
            "dependency_update": false,
            "description": null,
            "devel": null,
            "disable_crd_hooks": false,
            "disable_openapi_validation": false,
            "disable_webhooks": false,
            "force_update": false,
            "id": "ddagent",
            "keyring": null,
            "lint": false,
            "max_history": 0,
            "metadata": [
              {
                "app_version": "",
                "chart": "ddagent",
                "name": "ddagent",
                "namespace": "default",
                "revision": 1,
                "values": "{}",
                "version": "0.1.0"
              }
            ],
            "name": "ddagent",
            "namespace": "default",
            "postrender": [],
            "recreate_pods": false,
            "render_subchart_notes": true,
            "replace": false,
            "repository": null,
            "repository_ca_file": null,
            "repository_cert_file": null,
            "repository_key_file": null,
            "repository_password": null,
            "repository_username": null,
            "reset_values": false,
            "reuse_values": false,
            "set": [],
            "set_sensitive": [],
            "set_string": [],
            "skip_crds": false,
            "status": "deployed",
            "timeout": 300,
            "values": null,
            "verify": false,
            "version": "0.1.0",
            "wait": true
          },
          "private": "bnVsbA=="
        }
      ]
    },
    {
      "mode": "managed",
      "type": "helm_release",
      "name": "dotnetapp",
      "provider": "provider[\"registry.terraform.io/hashicorp/helm\"]",
      "instances": [
        {
          "schema_version": 0,
          "attributes": {
            "atomic": false,
            "chart": "./charts/monidotnetwdd",
            "cleanup_on_fail": false,
            "create_namespace": false,
            "dependency_update": false,
            "description": null,
            "devel": null,
            "disable_crd_hooks": false,
            "disable_openapi_validation": false,
            "disable_webhooks": false,
            "force_update": false,
            "id": "dotnetapp",
            "keyring": null,
            "lint": false,
            "max_history": 0,
            "metadata": [
              {
                "app_version": "1.16.0",
                "chart": "monidotnetwdd",
                "name": "dotnetapp",
                "namespace": "default",
                "revision": 1,
                "values": "{}",
                "version": "0.1.0"
              }
            ],
            "name": "dotnetapp",
            "namespace": "default",
            "postrender": [],
            "recreate_pods": false,
            "render_subchart_notes": true,
            "replace": false,
            "repository": null,
            "repository_ca_file": null,
            "repository_cert_file": null,
            "repository_key_file": null,
            "repository_password": null,
            "repository_username": null,
            "reset_values": false,
            "reuse_values": false,
            "set": [],
            "set_sensitive": [],
            "set_string": [],
            "skip_crds": false,
            "status": "deployed",
            "timeout": 300,
            "values": null,
            "verify": false,
            "version": "0.1.0",
            "wait": true
          },
          "private": "bnVsbA=="
        }
      ]
    }
  ]
}
