{
  "version": 4,
  "terraform_version": "0.13.0",
  "serial": 138,
  "lineage": "f99fae55-fa8c-e63e-ba58-38b2d2a4e84a",
  "outputs": {
    "connect_app": {
      "value": "POD_NAME=$(kubectl get pods --namespace default -l 'app.kubernetes.io/name=monipywdd,app.kubernetes.io/instance=monipywdd' -o jsonpath='{.items[0].metadata.name}') \nkubectl --namespace default port-forward $POD_NAME 5000:5000 \nhttp://localhost:5000/",
      "type": "string"
    },
    "ddagent_release": {
      "value": [
        {
          "app_version": "",
          "chart": "ddagent",
          "name": "ddagent",
          "namespace": "default",
          "revision": 1,
          "values": "{}",
          "version": "0.1.0"
        }
      ],
      "type": [
        "list",
        [
          "object",
          {
            "app_version": "string",
            "chart": "string",
            "name": "string",
            "namespace": "string",
            "revision": "number",
            "values": "string",
            "version": "string"
          }
        ]
      ]
    },
    "pyapp_release": {
      "value": [
        {
          "app_version": "",
          "chart": "monipywdd",
          "name": "pyapp",
          "namespace": "default",
          "revision": 1,
          "values": "{}",
          "version": "0.1.0"
        }
      ],
      "type": [
        "list",
        [
          "object",
          {
            "app_version": "string",
            "chart": "string",
            "name": "string",
            "namespace": "string",
            "revision": "number",
            "values": "string",
            "version": "string"
          }
        ]
      ]
    }
  },
  "resources": [
    {
      "mode": "managed",
      "type": "helm_release",
      "name": "ddagent",
      "provider": "provider[\"registry.terraform.io/hashicorp/helm\"]",
      "instances": [
        {
          "schema_version": 0,
          "attributes": {
            "atomic": false,
            "chart": "./charts/ddagent",
            "cleanup_on_fail": false,
            "create_namespace": false,
            "dependency_update": false,
            "description": null,
            "devel": null,
            "disable_crd_hooks": false,
            "disable_openapi_validation": false,
            "disable_webhooks": false,
            "force_update": false,
            "id": "ddagent",
            "keyring": null,
            "lint": false,
            "max_history": 0,
            "metadata": [
              {
                "app_version": "",
                "chart": "ddagent",
                "name": "ddagent",
                "namespace": "default",
                "revision": 1,
                "values": "{}",
                "version": "0.1.0"
              }
            ],
            "name": "ddagent",
            "namespace": "default",
            "postrender": [],
            "recreate_pods": false,
            "render_subchart_notes": true,
            "replace": false,
            "repository": null,
            "repository_ca_file": null,
            "repository_cert_file": null,
            "repository_key_file": null,
            "repository_password": null,
            "repository_username": null,
            "reset_values": false,
            "reuse_values": false,
            "set": [],
            "set_sensitive": [],
            "set_string": [],
            "skip_crds": false,
            "status": "deployed",
            "timeout": 300,
            "values": null,
            "verify": false,
            "version": "0.1.0",
            "wait": true
          },
          "private": "bnVsbA=="
        }
      ]
    },
    {
      "mode": "managed",
      "type": "helm_release",
      "name": "pyapp",
      "provider": "provider[\"registry.terraform.io/hashicorp/helm\"]",
      "instances": [
        {
          "schema_version": 0,
          "attributes": {
            "atomic": false,
            "chart": "./charts/monipywdd",
            "cleanup_on_fail": false,
            "create_namespace": false,
            "dependency_update": false,
            "description": null,
            "devel": null,
            "disable_crd_hooks": false,
            "disable_openapi_validation": false,
            "disable_webhooks": false,
            "force_update": false,
            "id": "pyapp",
            "keyring": null,
            "lint": false,
            "max_history": 0,
            "metadata": [
              {
                "app_version": "",
                "chart": "monipywdd",
                "name": "pyapp",
                "namespace": "default",
                "revision": 1,
                "values": "{}",
                "version": "0.1.0"
              }
            ],
            "name": "pyapp",
            "namespace": "default",
            "postrender": [],
            "recreate_pods": false,
            "render_subchart_notes": true,
            "replace": false,
            "repository": null,
            "repository_ca_file": null,
            "repository_cert_file": null,
            "repository_key_file": null,
            "repository_password": null,
            "repository_username": null,
            "reset_values": false,
            "reuse_values": false,
            "set": [],
            "set_sensitive": [],
            "set_string": [],
            "skip_crds": false,
            "status": "deployed",
            "timeout": 300,
            "values": null,
            "verify": false,
            "version": "0.1.0",
            "wait": true
          },
          "private": "bnVsbA=="
        }
      ]
    }
  ]
}
